
Microsoft Visual Studio Solution File, Format Version 12.00
# Visual Studio Version 16
VisualStudioVersion = 16.0.30413.136
MinimumVisualStudioVersion = 10.0.40219.1
Project("{9A19103F-16F7-4668-BE54-9A1E7A4F7556}") = "Origence", "Origence\Origence.csproj", "{6D5D3115-E926-4D57-8368-3DF447BC77F4}"
EndProject
Project("{9A19103F-16F7-4668-BE54-9A1E7A4F7556}") = "OrigenceTests", "OrigenceTests\OrigenceTests.csproj", "{7E0F5D08-857F-4A15-84C9-D89DCD59978E}"
EndProject
Global
	GlobalSection(SolutionConfigurationPlatforms) = preSolution
		Debug|Any CPU = Debug|Any CPU
		Release|Any CPU = Release|Any CPU
	EndGlobalSection
	GlobalSection(ProjectConfigurationPlatforms) = postSolution
		{6D5D3115-E926-4D57-8368-3DF447BC77F4}.Debug|Any CPU.ActiveCfg = Debug|Any CPU
		{6D5D3115-E926-4D57-8368-3DF447BC77F4}.Debug|Any CPU.Build.0 = Debug|Any CPU
		{6D5D3115-E926-4D57-8368-3DF447BC77F4}.Release|Any CPU.ActiveCfg = Release|Any CPU
		{6D5D3115-E926-4D57-8368-3DF447BC77F4}.Release|Any CPU.Build.0 = Release|Any CPU
		{7E0F5D08-857F-4A15-84C9-D89DCD59978E}.Debug|Any CPU.ActiveCfg = Debug|Any CPU
		{7E0F5D08-857F-4A15-84C9-D89DCD59978E}.Debug|Any CPU.Build.0 = Debug|Any CPU
		{7E0F5D08-857F-4A15-84C9-D89DCD59978E}.Release|Any CPU.ActiveCfg = Release|Any CPU
		{7E0F5D08-857F-4A15-84C9-D89DCD59978E}.Release|Any CPU.Build.0 = Release|Any CPU
	EndGlobalSection
	GlobalSection(SolutionProperties) = preSolution
		HideSolutionNode = FALSE
	EndGlobalSection
	GlobalSection(ExtensibilityGlobals) = postSolution
		SolutionGuid = {4A63EF8B-D8CC-4EE7-A1EC-5634DB19BC7E}
	EndGlobalSection
EndGlobal
